// !$*UTF8*$!
{
	archiveVersion = 1;
	classes = {
	};
	objectVersion = 56;
	objects = {

/* Begin PBXBuildFile section */
		EB5E420D2B32CDDF0081A96A /* AppDelegate.swift in Sources */ = {isa = PBXBuildFile; fileRef = EB5E420C2B32CDDF0081A96A /* AppDelegate.swift */; };
		EB5E420F2B32CDDF0081A96A /* SceneDelegate.swift in Sources */ = {isa = PBXBuildFile; fileRef = EB5E420E2B32CDDF0081A96A /* SceneDelegate.swift */; };
		EB5E42112B32CDDF0081A96A /* ViewController.swift in Sources */ = {isa = PBXBuildFile; fileRef = EB5E42102B32CDDF0081A96A /* ViewController.swift */; };
		EB5E42142B32CDDF0081A96A /* Main.storyboard in Resources */ = {isa = PBXBuildFile; fileRef = EB5E42122B32CDDF0081A96A /* Main.storyboard */; };
		EB5E42162B32CDE00081A96A /* Assets.xcassets in Resources */ = {isa = PBXBuildFile; fileRef = EB5E42152B32CDE00081A96A /* Assets.xcassets */; };
		EB5E42192B32CDE00081A96A /* LaunchScreen.storyboard in Resources */ = {isa = PBXBuildFile; fileRef = EB5E42172B32CDE00081A96A /* LaunchScreen.storyboard */; };
		EB5E42242B32CDE00081A96A /* CounterTests.swift in Sources */ = {isa = PBXBuildFile; fileRef = EB5E42232B32CDE00081A96A /* CounterTests.swift */; };
		EB5E422E2B32CDE00081A96A /* CounterUITests.swift in Sources */ = {isa = PBXBuildFile; fileRef = EB5E422D2B32CDE00081A96A /* CounterUITests.swift */; };
		EB5E42302B32CDE00081A96A /* CounterUITestsLaunchTests.swift in Sources */ = {isa = PBXBuildFile; fileRef = EB5E422F2B32CDE00081A96A /* CounterUITestsLaunchTests.swift */; };
/* End PBXBuildFile section */

/* Begin PBXContainerItemProxy section */
		EB5E42202B32CDE00081A96A /* PBXContainerItemProxy */ = {
			isa = PBXContainerItemProxy;
			containerPortal = EB5E42012B32CDDF0081A96A /* Project object */;
			proxyType = 1;
			remoteGlobalIDString = EB5E42082B32CDDF0081A96A;
			remoteInfo = Counter;
		};
		EB5E422A2B32CDE00081A96A /* PBXContainerItemProxy */ = {
			isa = PBXContainerItemProxy;
			containerPortal = EB5E42012B32CDDF0081A96A /* Project object */;
			proxyType = 1;
			remoteGlobalIDString = EB5E42082B32CDDF0081A96A;
			remoteInfo = Counter;
		};
/* End PBXContainerItemProxy section */

/* Begin PBXFileReference section */
		EB5E42092B32CDDF0081A96A /* Counter.app */ = {isa = PBXFileReference; explicitFileType = wrapper.application; includeInIndex = 0; path = Counter.app; sourceTree = BUILT_PRODUCTS_DIR; };
		EB5E420C2B32CDDF0081A96A /* AppDelegate.swift */ = {isa = PBXFileReference; lastKnownFileType = sourcecode.swift; path = AppDelegate.swift; sourceTree = "<group>"; };
		EB5E420E2B32CDDF0081A96A /* SceneDelegate.swift */ = {isa = PBXFileReference; lastKnownFileType = sourcecode.swift; path = SceneDelegate.swift; sourceTree = "<group>"; };
		EB5E42102B32CDDF0081A96A /* ViewController.swift */ = {isa = PBXFileReference; lastKnownFileType = sourcecode.swift; path = ViewController.swift; sourceTree = "<group>"; };
		EB5E42132B32CDDF0081A96A /* Base */ = {isa = PBXFileReference; lastKnownFileType = file.storyboard; name = Base; path = Base.lproj/Main.storyboard; sourceTree = "<group>"; };
		EB5E42152B32CDE00081A96A /* Assets.xcassets */ = {isa = PBXFileReference; lastKnownFileType = folder.assetcatalog; path = Assets.xcassets; sourceTree = "<group>"; };
		EB5E42182B32CDE00081A96A /* Base */ = {isa = PBXFileReference; lastKnownFileType = file.storyboard; name = Base; path = Base.lproj/LaunchScreen.storyboard; sourceTree = "<group>"; };
		EB5E421A2B32CDE00081A96A /* Info.plist */ = {isa = PBXFileReference; lastKnownFileType = text.plist.xml; path = Info.plist; sourceTree = "<group>"; };
		EB5E421F2B32CDE00081A96A /* CounterTests.xctest */ = {isa = PBXFileReference; explicitFileType = wrapper.cfbundle; includeInIndex = 0; path = CounterTests.xctest; sourceTree = BUILT_PRODUCTS_DIR; };
		EB5E42232B32CDE00081A96A /* CounterTests.swift */ = {isa = PBXFileReference; lastKnownFileType = sourcecode.swift; path = CounterTests.swift; sourceTree = "<group>"; };
		EB5E42292B32CDE00081A96A /* CounterUITests.xctest */ = {isa = PBXFileReference; explicitFileType = wrapper.cfbundle; includeInIndex = 0; path = CounterUITests.xctest; sourceTree = BUILT_PRODUCTS_DIR; };
		EB5E422D2B32CDE00081A96A /* CounterUITests.swift */ = {isa = PBXFileReference; lastKnownFileType = sourcecode.swift; path = CounterUITests.swift; sourceTree = "<group>"; };
		EB5E422F2B32CDE00081A96A /* CounterUITestsLaunchTests.swift */ = {isa = PBXFileReference; lastKnownFileType = sourcecode.swift; path = CounterUITestsLaunchTests.swift; sourceTree = "<group>"; };
/* End PBXFileReference section */

/* Begin PBXFrameworksBuildPhase section */
		EB5E42062B32CDDF0081A96A /* Frameworks */ = {
			isa = PBXFrameworksBuildPhase;
			buildActionMask = 2147483647;
			files = (
			);
			runOnlyForDeploymentPostprocessing = 0;
		};
		EB5E421C2B32CDE00081A96A /* Frameworks */ = {
			isa = PBXFrameworksBuildPhase;
			buildActionMask = 2147483647;
			files = (
			);
			runOnlyForDeploymentPostprocessing = 0;
		};
		EB5E42262B32CDE00081A96A /* Frameworks */ = {
			isa = PBXFrameworksBuildPhase;
			buildActionMask = 2147483647;
			files = (
			);
			runOnlyForDeploymentPostprocessing = 0;
		};
/* End PBXFrameworksBuildPhase section */

/* Begin PBXGroup section */
		EB5E42002B32CDDF0081A96A = {
			isa = PBXGroup;
			children = (
				EB5E420B2B32CDDF0081A96A /* Counter */,
				EB5E42222B32CDE00081A96A /* CounterTests */,
				EB5E422C2B32CDE00081A96A /* CounterUITests */,
				EB5E420A2B32CDDF0081A96A /* Products */,
			);
			sourceTree = "<group>";
		};
		EB5E420A2B32CDDF0081A96A /* Products */ = {
			isa = PBXGroup;
			children = (
				EB5E42092B32CDDF0081A96A /* Counter.app */,
				EB5E421F2B32CDE00081A96A /* CounterTests.xctest */,
				EB5E42292B32CDE00081A96A /* CounterUITests.xctest */,
			);
			name = Products;
			sourceTree = "<group>";
		};
		EB5E420B2B32CDDF0081A96A /* Counter */ = {
			isa = PBXGroup;
			children = (
				EB5E420C2B32CDDF0081A96A /* AppDelegate.swift */,
				EB5E420E2B32CDDF0081A96A /* SceneDelegate.swift */,
				EB5E42102B32CDDF0081A96A /* ViewController.swift */,
				EB5E42122B32CDDF0081A96A /* Main.storyboard */,
				EB5E42152B32CDE00081A96A /* Assets.xcassets */,
				EB5E42172B32CDE00081A96A /* LaunchScreen.storyboard */,
				EB5E421A2B32CDE00081A96A /* Info.plist */,
			);
			path = Counter;
			sourceTree = "<group>";
		};
		EB5E42222B32CDE00081A96A /* CounterTests */ = {
			isa = PBXGroup;
			children = (
				EB5E42232B32CDE00081A96A /* CounterTests.swift */,
			);
			path = CounterTests;
			sourceTree = "<group>";
		};
		EB5E422C2B32CDE00081A96A /* CounterUITests */ = {
			isa = PBXGroup;
			children = (
				EB5E422D2B32CDE00081A96A /* CounterUITests.swift */,
				EB5E422F2B32CDE00081A96A /* CounterUITestsLaunchTests.swift */,
			);
			path = CounterUITests;
			sourceTree = "<group>";
		};
/* End PBXGroup section */

/* Begin PBXNativeTarget section */
		EB5E42082B32CDDF0081A96A /* Counter */ = {
			isa = PBXNativeTarget;
			buildConfigurationList = EB5E42332B32CDE00081A96A /* Build configuration list for PBXNativeTarget "Counter" */;
			buildPhases = (
				EB5E42052B32CDDF0081A96A /* Sources */,
				EB5E42062B32CDDF0081A96A /* Frameworks */,
				EB5E42072B32CDDF0081A96A /* Resources */,
			);
			buildRules = (
			);
			dependencies = (
			);
			name = Counter;
			productName = Counter;
			productReference = EB5E42092B32CDDF0081A96A /* Counter.app */;
			productType = "com.apple.product-type.application";
		};
		EB5E421E2B32CDE00081A96A /* CounterTests */ = {
			isa = PBXNativeTarget;
			buildConfigurationList = EB5E42362B32CDE00081A96A /* Build configuration list for PBXNativeTarget "CounterTests" */;
			buildPhases = (
				EB5E421B2B32CDE00081A96A /* Sources */,
				EB5E421C2B32CDE00081A96A /* Frameworks */,
				EB5E421D2B32CDE00081A96A /* Resources */,
			);
			buildRules = (
			);
			dependencies = (
				EB5E42212B32CDE00081A96A /* PBXTargetDependency */,
			);
			name = CounterTests;
			productName = CounterTests;
			productReference = EB5E421F2B32CDE00081A96A /* CounterTests.xctest */;
			productType = "com.apple.product-type.bundle.unit-test";
		};
		EB5E42282B32CDE00081A96A /* CounterUITests */ = {
			isa = PBXNativeTarget;
			buildConfigurationList = EB5E42392B32CDE00081A96A /* Build configuration list for PBXNativeTarget "CounterUITests" */;
			buildPhases = (
				EB5E42252B32CDE00081A96A /* Sources */,
				EB5E42262B32CDE00081A96A /* Frameworks */,
				EB5E42272B32CDE00081A96A /* Resources */,
			);
			buildRules = (
			);
			dependencies = (
				EB5E422B2B32CDE00081A96A /* PBXTargetDependency */,
			);
			name = CounterUITests;
			productName = CounterUITests;
			productReference = EB5E42292B32CDE00081A96A /* CounterUITests.xctest */;
			productType = "com.apple.product-type.bundle.ui-testing";
		};
/* End PBXNativeTarget section */

/* Begin PBXProject section */
		EB5E42012B32CDDF0081A96A /* Project object */ = {
			isa = PBXProject;
			attributes = {
				BuildIndependentTargetsInParallel = 1;
				LastSwiftUpdateCheck = 1500;
				LastUpgradeCheck = 1500;
				TargetAttributes = {
					EB5E42082B32CDDF0081A96A = {
						CreatedOnToolsVersion = 15.0.1;
					};
					EB5E421E2B32CDE00081A96A = {
						CreatedOnToolsVersion = 15.0.1;
						TestTargetID = EB5E42082B32CDDF0081A96A;
					};
					EB5E42282B32CDE00081A96A = {
						CreatedOnToolsVersion = 15.0.1;
						TestTargetID = EB5E42082B32CDDF0081A96A;
					};
				};
			};
			buildConfigurationList = EB5E42042B32CDDF0081A96A /* Build configuration list for PBXProject "Counter" */;
			compatibilityVersion = "Xcode 14.0";
			developmentRegion = en;
			hasScannedForEncodings = 0;
			knownRegions = (
				en,
				Base,
			);
			mainGroup = EB5E42002B32CDDF0081A96A;
			productRefGroup = EB5E420A2B32CDDF0081A96A /* Products */;
			projectDirPath = "";
			projectRoot = "";
			targets = (
				EB5E42082B32CDDF0081A96A /* Counter */,
				EB5E421E2B32CDE00081A96A /* CounterTests */,
				EB5E42282B32CDE00081A96A /* CounterUITests */,
			);
		};
/* End PBXProject section */

/* Begin PBXResourcesBuildPhase section */
		EB5E42072B32CDDF0081A96A /* Resources */ = {
			isa = PBXResourcesBuildPhase;
			buildActionMask = 2147483647;
			files = (
				EB5E42192B32CDE00081A96A /* LaunchScreen.storyboard in Resources */,
				EB5E42162B32CDE00081A96A /* Assets.xcassets in Resources */,
				EB5E42142B32CDDF0081A96A /* Main.storyboard in Resources */,
			);
			runOnlyForDeploymentPostprocessing = 0;
		};
		EB5E421D2B32CDE00081A96A /* Resources */ = {
			isa = PBXResourcesBuildPhase;
			buildActionMask = 2147483647;
			files = (
			);
			runOnlyForDeploymentPostprocessing = 0;
		};
		EB5E42272B32CDE00081A96A /* Resources */ = {
			isa = PBXResourcesBuildPhase;
			buildActionMask = 2147483647;
			files = (
			);
			runOnlyForDeploymentPostprocessing = 0;
		};
/* End PBXResourcesBuildPhase section */

/* Begin PBXSourcesBuildPhase section */
		EB5E42052B32CDDF0081A96A /* Sources */ = {
			isa = PBXSourcesBuildPhase;
			buildActionMask = 2147483647;
			files = (
				EB5E42112B32CDDF0081A96A /* ViewController.swift in Sources */,
				EB5E420D2B32CDDF0081A96A /* AppDelegate.swift in Sources */,
				EB5E420F2B32CDDF0081A96A /* SceneDelegate.swift in Sources */,
			);
			runOnlyForDeploymentPostprocessing = 0;
		};
		EB5E421B2B32CDE00081A96A /* Sources */ = {
			isa = PBXSourcesBuildPhase;
			buildActionMask = 2147483647;
			files = (
				EB5E42242B32CDE00081A96A /* CounterTests.swift in Sources */,
			);
			runOnlyForDeploymentPostprocessing = 0;
		};
		EB5E42252B32CDE00081A96A /* Sources */ = {
			isa = PBXSourcesBuildPhase;
			buildActionMask = 2147483647;
			files = (
				EB5E422E2B32CDE00081A96A /* CounterUITests.swift in Sources */,
				EB5E42302B32CDE00081A96A /* CounterUITestsLaunchTests.swift in Sources */,
			);
			runOnlyForDeploymentPostprocessing = 0;
		};
/* End PBXSourcesBuildPhase section */

/* Begin PBXTargetDependency section */
		EB5E42212B32CDE00081A96A /* PBXTargetDependency */ = {
			isa = PBXTargetDependency;
			target = EB5E42082B32CDDF0081A96A /* Counter */;
			targetProxy = EB5E42202B32CDE00081A96A /* PBXContainerItemProxy */;
		};
		EB5E422B2B32CDE00081A96A /* PBXTargetDependency */ = {
			isa = PBXTargetDependency;
			target = EB5E42082B32CDDF0081A96A /* Counter */;
			targetProxy = EB5E422A2B32CDE00081A96A /* PBXContainerItemProxy */;
		};
/* End PBXTargetDependency section */

/* Begin PBXVariantGroup section */
		EB5E42122B32CDDF0081A96A /* Main.storyboard */ = {
			isa = PBXVariantGroup;
			children = (
				EB5E42132B32CDDF0081A96A /* Base */,
			);
			name = Main.storyboard;
			sourceTree = "<group>";
		};
		EB5E42172B32CDE00081A96A /* LaunchScreen.storyboard */ = {
			isa = PBXVariantGroup;
			children = (
				EB5E42182B32CDE00081A96A /* Base */,
			);
			name = LaunchScreen.storyboard;
			sourceTree = "<group>";
		};
/* End PBXVariantGroup section */

/* Begin XCBuildConfiguration section */
		EB5E42312B32CDE00081A96A /* Debug */ = {
			isa = XCBuildConfiguration;
			buildSettings = {
				ALWAYS_SEARCH_USER_PATHS = NO;
				ASSETCATALOG_COMPILER_GENERATE_SWIFT_ASSET_SYMBOL_EXTENSIONS = YES;
				CLANG_ANALYZER_NONNULL = YES;
				CLANG_ANALYZER_NUMBER_OBJECT_CONVERSION = YES_AGGRESSIVE;
				CLANG_CXX_LANGUAGE_STANDARD = "gnu++20";
				CLANG_ENABLE_MODULES = YES;
				CLANG_ENABLE_OBJC_ARC = YES;
				CLANG_ENABLE_OBJC_WEAK = YES;
				CLANG_WARN_BLOCK_CAPTURE_AUTORELEASING = YES;
				CLANG_WARN_BOOL_CONVERSION = YES;
				CLANG_WARN_COMMA = YES;
				CLANG_WARN_CONSTANT_CONVERSION = YES;
				CLANG_WARN_DEPRECATED_OBJC_IMPLEMENTATIONS = YES;
				CLANG_WARN_DIRECT_OBJC_ISA_USAGE = YES_ERROR;
				CLANG_WARN_DOCUMENTATION_COMMENTS = YES;
				CLANG_WARN_EMPTY_BODY = YES;
				CLANG_WARN_ENUM_CONVERSION = YES;
				CLANG_WARN_INFINITE_RECURSION = YES;
				CLANG_WARN_INT_CONVERSION = YES;
				CLANG_WARN_NON_LITERAL_NULL_CONVERSION = YES;
				CLANG_WARN_OBJC_IMPLICIT_RETAIN_SELF = YES;
				CLANG_WARN_OBJC_LITERAL_CONVERSION = YES;
				CLANG_WARN_OBJC_ROOT_CLASS = YES_ERROR;
				CLANG_WARN_QUOTED_INCLUDE_IN_FRAMEWORK_HEADER = YES;
				CLANG_WARN_RANGE_LOOP_ANALYSIS = YES;
				CLANG_WARN_STRICT_PROTOTYPES = YES;
				CLANG_WARN_SUSPICIOUS_MOVE = YES;
				CLANG_WARN_UNGUARDED_AVAILABILITY = YES_AGGRESSIVE;
				CLANG_WARN_UNREACHABLE_CODE = YES;
				CLANG_WARN__DUPLICATE_METHOD_MATCH = YES;
				COPY_PHASE_STRIP = NO;
				DEBUG_INFORMATION_FORMAT = dwarf;
				ENABLE_STRICT_OBJC_MSGSEND = YES;
				ENABLE_TESTABILITY = YES;
				ENABLE_USER_SCRIPT_SANDBOXING = YES;
				GCC_C_LANGUAGE_STANDARD = gnu17;
				GCC_DYNAMIC_NO_PIC = NO;
				GCC_NO_COMMON_BLOCKS = YES;
				GCC_OPTIMIZATION_LEVEL = 0;
				GCC_PREPROCESSOR_DEFINITIONS = (
					"DEBUG=1",
					"$(inherited)",
				);
				GCC_WARN_64_TO_32_BIT_CONVERSION = YES;
				GCC_WARN_ABOUT_RETURN_TYPE = YES_ERROR;
				GCC_WARN_UNDECLARED_SELECTOR = YES;
				GCC_WARN_UNINITIALIZED_AUTOS = YES_AGGRESSIVE;
				GCC_WARN_UNUSED_FUNCTION = YES;
				GCC_WARN_UNUSED_VARIABLE = YES;
				IPHONEOS_DEPLOYMENT_TARGET = 17.0;
				LOCALIZATION_PREFERS_STRING_CATALOGS = YES;
				MTL_ENABLE_DEBUG_INFO = INCLUDE_SOURCE;
				MTL_FAST_MATH = YES;
				ONLY_ACTIVE_ARCH = YES;
				SDKROOT = iphoneos;
				SWIFT_ACTIVE_COMPILATION_CONDITIONS = "DEBUG $(inherited)";
				SWIFT_OPTIMIZATION_LEVEL = "-Onone";
			};
			name = Debug;
		};
		EB5E42322B32CDE00081A96A /* Release */ = {
			isa = XCBuildConfiguration;
			buildSettings = {
				ALWAYS_SEARCH_USER_PATHS = NO;
				ASSETCATALOG_COMPILER_GENERATE_SWIFT_ASSET_SYMBOL_EXTENSIONS = YES;
				CLANG_ANALYZER_NONNULL = YES;
				CLANG_ANALYZER_NUMBER_OBJECT_CONVERSION = YES_AGGRESSIVE;
				CLANG_CXX_LANGUAGE_STANDARD = "gnu++20";
				CLANG_ENABLE_MODULES = YES;
				CLANG_ENABLE_OBJC_ARC = YES;
				CLANG_ENABLE_OBJC_WEAK = YES;
				CLANG_WARN_BLOCK_CAPTURE_AUTORELEASING = YES;
				CLANG_WARN_BOOL_CONVERSION = YES;
				CLANG_WARN_COMMA = YES;
				CLANG_WARN_CONSTANT_CONVERSION = YES;
				CLANG_WARN_DEPRECATED_OBJC_IMPLEMENTATIONS = YES;
				CLANG_WARN_DIRECT_OBJC_ISA_USAGE = YES_ERROR;
				CLANG_WARN_DOCUMENTATION_COMMENTS = YES;
				CLANG_WARN_EMPTY_BODY = YES;
				CLANG_WARN_ENUM_CONVERSION = YES;
				CLANG_WARN_INFINITE_RECURSION = YES;
				CLANG_WARN_INT_CONVERSION = YES;
				CLANG_WARN_NON_LITERAL_NULL_CONVERSION = YES;
				CLANG_WARN_OBJC_IMPLICIT_RETAIN_SELF = YES;
				CLANG_WARN_OBJC_LITERAL_CONVERSION = YES;
				CLANG_WARN_OBJC_ROOT_CLASS = YES_ERROR;
				CLANG_WARN_QUOTED_INCLUDE_IN_FRAMEWORK_HEADER = YES;
				CLANG_WARN_RANGE_LOOP_ANALYSIS = YES;
				CLANG_WARN_STRICT_PROTOTYPES = YES;
				CLANG_WARN_SUSPICIOUS_MOVE = YES;
				CLANG_WARN_UNGUARDED_AVAILABILITY = YES_AGGRESSIVE;
				CLANG_WARN_UNREACHABLE_CODE = YES;
				CLANG_WARN__DUPLICATE_METHOD_MATCH = YES;
				COPY_PHASE_STRIP = NO;
				DEBUG_INFORMATION_FORMAT = "dwarf-with-dsym";
				ENABLE_NS_ASSERTIONS = NO;
				ENABLE_STRICT_OBJC_MSGSEND = YES;
				ENABLE_USER_SCRIPT_SANDBOXING = YES;
				GCC_C_LANGUAGE_STANDARD = gnu17;
				GCC_NO_COMMON_BLOCKS = YES;
				GCC_WARN_64_TO_32_BIT_CONVERSION = YES;
				GCC_WARN_ABOUT_RETURN_TYPE = YES_ERROR;
				GCC_WARN_UNDECLARED_SELECTOR = YES;
				GCC_WARN_UNINITIALIZED_AUTOS = YES_AGGRESSIVE;
				GCC_WARN_UNUSED_FUNCTION = YES;
				GCC_WARN_UNUSED_VARIABLE = YES;
				IPHONEOS_DEPLOYMENT_TARGET = 17.0;
				LOCALIZATION_PREFERS_STRING_CATALOGS = YES;
				MTL_ENABLE_DEBUG_INFO = NO;
				MTL_FAST_MATH = YES;
				SDKROOT = iphoneos;
				SWIFT_COMPILATION_MODE = wholemodule;
				VALIDATE_PRODUCT = YES;
			};
			name = Release;
		};
		EB5E42342B32CDE00081A96A /* Debug */ = {
			isa = XCBuildConfiguration;
			buildSettings = {
				ASSETCATALOG_COMPILER_APPICON_NAME = AppIcon;
				ASSETCATALOG_COMPILER_GLOBAL_ACCENT_COLOR_NAME = AccentColor;
				CODE_SIGN_STYLE = Automatic;
				CURRENT_PROJECT_VERSION = 1;
				GENERATE_INFOPLIST_FILE = YES;
				INFOPLIST_FILE = Counter/Info.plist;
				INFOPLIST_KEY_UIApplicationSupportsIndirectInputEvents = YES;
				INFOPLIST_KEY_UILaunchStoryboardName = LaunchScreen;
				INFOPLIST_KEY_UIMainStoryboardFile = Main;
				INFOPLIST_KEY_UISupportedInterfaceOrientations_iPad = "UIInterfaceOrientationPortrait UIInterfaceOrientationPortraitUpsideDown UIInterfaceOrientationLandscapeLeft UIInterfaceOrientationLandscapeRight";
				INFOPLIST_KEY_UISupportedInterfaceOrientations_iPhone = "UIInterfaceOrientationPortrait UIInterfaceOrientationLandscapeLeft UIInterfaceOrientationLandscapeRight";
				LD_RUNPATH_SEARCH_PATHS = (
					"$(inherited)",
					"@executable_path/Frameworks",
				);
				MARKETING_VERSION = 1.0;
				PRODUCT_BUNDLE_IDENTIFIER = test.Counter;
				PRODUCT_NAME = "$(TARGET_NAME)";
				SWIFT_EMIT_LOC_STRINGS = YES;
				SWIFT_VERSION = 5.0;
				TARGETED_DEVICE_FAMILY = "1,2";
			};
			name = Debug;
		};
		EB5E42352B32CDE00081A96A /* Release */ = {
			isa = XCBuildConfiguration;
			buildSettings = {
				ASSETCATALOG_COMPILER_APPICON_NAME = AppIcon;
				ASSETCATALOG_COMPILER_GLOBAL_ACCENT_COLOR_NAME = AccentColor;
				CODE_SIGN_STYLE = Automatic;
				CURRENT_PROJECT_VERSION = 1;
				GENERATE_INFOPLIST_FILE = YES;
				INFOPLIST_FILE = Counter/Info.plist;
				INFOPLIST_KEY_UIApplicationSupportsIndirectInputEvents = YES;
				INFOPLIST_KEY_UILaunchStoryboardName = LaunchScreen;
				INFOPLIST_KEY_UIMainStoryboardFile = Main;
				INFOPLIST_KEY_UISupportedInterfaceOrientations_iPad = "UIInterfaceOrientationPortrait UIInterfaceOrientationPortraitUpsideDown UIInterfaceOrientationLandscapeLeft UIInterfaceOrientationLandscapeRight";
				INFOPLIST_KEY_UISupportedInterfaceOrientations_iPhone = "UIInterfaceOrientationPortrait UIInterfaceOrientationLandscapeLeft UIInterfaceOrientationLandscapeRight";
				LD_RUNPATH_SEARCH_PATHS = (
					"$(inherited)",
					"@executable_path/Frameworks",
				);
				MARKETING_VERSION = 1.0;
				PRODUCT_BUNDLE_IDENTIFIER = test.Counter;
				PRODUCT_NAME = "$(TARGET_NAME)";
				SWIFT_EMIT_LOC_STRINGS = YES;
				SWIFT_VERSION = 5.0;
				TARGETED_DEVICE_FAMILY = "1,2";
			};
			name = Release;
		};
		EB5E42372B32CDE00081A96A /* Debug */ = {
			isa = XCBuildConfiguration;
			buildSettings = {
				ALWAYS_EMBED_SWIFT_STANDARD_LIBRARIES = YES;
				BUNDLE_LOADER = "$(TEST_HOST)";
				CODE_SIGN_STYLE = Automatic;
				CURRENT_PROJECT_VERSION = 1;
				GENERATE_INFOPLIST_FILE = YES;
				IPHONEOS_DEPLOYMENT_TARGET = 17.0;
				MARKETING_VERSION = 1.0;
				PRODUCT_BUNDLE_IDENTIFIER = test.CounterTests;
				PRODUCT_NAME = "$(TARGET_NAME)";
				SWIFT_EMIT_LOC_STRINGS = NO;
				SWIFT_VERSION = 5.0;
				TARGETED_DEVICE_FAMILY = "1,2";
				TEST_HOST = "$(BUILT_PRODUCTS_DIR)/Counter.app/$(BUNDLE_EXECUTABLE_FOLDER_PATH)/Counter";
			};
			name = Debug;
		};
		EB5E42382B32CDE00081A96A /* Release */ = {
			isa = XCBuildConfiguration;
			buildSettings = {
				ALWAYS_EMBED_SWIFT_STANDARD_LIBRARIES = YES;
				BUNDLE_LOADER = "$(TEST_HOST)";
				CODE_SIGN_STYLE = Automatic;
				CURRENT_PROJECT_VERSION = 1;
				GENERATE_INFOPLIST_FILE = YES;
				IPHONEOS_DEPLOYMENT_TARGET = 17.0;
				MARKETING_VERSION = 1.0;
				PRODUCT_BUNDLE_IDENTIFIER = test.CounterTests;
				PRODUCT_NAME = "$(TARGET_NAME)";
				SWIFT_EMIT_LOC_STRINGS = NO;
				SWIFT_VERSION = 5.0;
				TARGETED_DEVICE_FAMILY = "1,2";
				TEST_HOST = "$(BUILT_PRODUCTS_DIR)/Counter.app/$(BUNDLE_EXECUTABLE_FOLDER_PATH)/Counter";
			};
			name = Release;
		};
		EB5E423A2B32CDE00081A96A /* Debug */ = {
			isa = XCBuildConfiguration;
			buildSettings = {
				ALWAYS_EMBED_SWIFT_STANDARD_LIBRARIES = YES;
				CODE_SIGN_STYLE = Automatic;
				CURRENT_PROJECT_VERSION = 1;
				GENERATE_INFOPLIST_FILE = YES;
				MARKETING_VERSION = 1.0;
				PRODUCT_BUNDLE_IDENTIFIER = test.CounterUITests;
				PRODUCT_NAME = "$(TARGET_NAME)";
				SWIFT_EMIT_LOC_STRINGS = NO;
				SWIFT_VERSION = 5.0;
				TARGETED_DEVICE_FAMILY = "1,2";
				TEST_TARGET_NAME = Counter;
			};
			name = Debug;
		};
		EB5E423B2B32CDE00081A96A /* Release */ = {
			isa = XCBuildConfiguration;
			buildSettings = {
				ALWAYS_EMBED_SWIFT_STANDARD_LIBRARIES = YES;
				CODE_SIGN_STYLE = Automatic;
				CURRENT_PROJECT_VERSION = 1;
				GENERATE_INFOPLIST_FILE = YES;
				MARKETING_VERSION = 1.0;
				PRODUCT_BUNDLE_IDENTIFIER = test.CounterUITests;
				PRODUCT_NAME = "$(TARGET_NAME)";
				SWIFT_EMIT_LOC_STRINGS = NO;
				SWIFT_VERSION = 5.0;
				TARGETED_DEVICE_FAMILY = "1,2";
				TEST_TARGET_NAME = Counter;
			};
			name = Release;
		};
/* End XCBuildConfiguration section */

/* Begin XCConfigurationList section */
		EB5E42042B32CDDF0081A96A /* Build configuration list for PBXProject "Counter" */ = {
			isa = XCConfigurationList;
			buildConfigurations = (
				EB5E42312B32CDE00081A96A /* Debug */,
				EB5E42322B32CDE00081A96A /* Release */,
			);
			defaultConfigurationIsVisible = 0;
			defaultConfigurationName = Release;
		};
		EB5E42332B32CDE00081A96A /* Build configuration list for PBXNativeTarget "Counter" */ = {
			isa = XCConfigurationList;
			buildConfigurations = (
				EB5E42342B32CDE00081A96A /* Debug */,
				EB5E42352B32CDE00081A96A /* Release */,
			);
			defaultConfigurationIsVisible = 0;
			defaultConfigurationName = Release;
		};
		EB5E42362B32CDE00081A96A /* Build configuration list for PBXNativeTarget "CounterTests" */ = {
			isa = XCConfigurationList;
			buildConfigurations = (
				EB5E42372B32CDE00081A96A /* Debug */,
				EB5E42382B32CDE00081A96A /* Release */,
			);
			defaultConfigurationIsVisible = 0;
			defaultConfigurationName = Release;
		};
		EB5E42392B32CDE00081A96A /* Build configuration list for PBXNativeTarget "CounterUITests" */ = {
			isa = XCConfigurationList;
			buildConfigurations = (
				EB5E423A2B32CDE00081A96A /* Debug */,
				EB5E423B2B32CDE00081A96A /* Release */,
			);
			defaultConfigurationIsVisible = 0;
			defaultConfigurationName = Release;
		};
/* End XCConfigurationList section */
	};
	rootObject = EB5E42012B32CDDF0081A96A /* Project object */;
}
